Microsoft Visual Studio Solution File, Format Version 12.00
# Visual Studio Version 17
VisualStudioVersion = 17.5.2.0
MinimumVisualStudioVersion = 10.0.40219.1
Project("{FAE04EC0-301F-11D3-BF4B-00C04F79EFBC}") = "Bootloader", "Bootloader.csproj", "{330245A3-DA69-6E3F-23E7-ADBACC9C929B}"
EndProject
Global
	GlobalSection(SolutionConfigurationPlatforms) = preSolution
		Debug|Any CPU = Debug|Any CPU
		Release|Any CPU = Release|Any CPU
	EndGlobalSection
	GlobalSection(ProjectConfigurationPlatforms) = postSolution
		{330245A3-DA69-6E3F-23E7-ADBACC9C929B}.Debug|Any CPU.ActiveCfg = Debug|Any CPU
		{330245A3-DA69-6E3F-23E7-ADBACC9C929B}.Debug|Any CPU.Build.0 = Debug|Any CPU
		{330245A3-DA69-6E3F-23E7-ADBACC9C929B}.Release|Any CPU.ActiveCfg = Release|Any CPU
		{330245A3-DA69-6E3F-23E7-ADBACC9C929B}.Release|Any CPU.Build.0 = Release|Any CPU
	EndGlobalSection
	GlobalSection(SolutionProperties) = preSolution
		HideSolutionNode = FALSE
	EndGlobalSection
	GlobalSection(ExtensibilityGlobals) = postSolution
		SolutionGuid = {CEF0A9DD-8FBD-4101-8113-714949204870}
	EndGlobalSection
EndGlobal
